// !$*UTF8*$!
{
	archiveVersion = 1;
	classes = {
	};
	objectVersion = 50;
	objects = {

/* Begin PBXBuildFile section */
		9310ADAF2395EE6D0087A07B /* AlbumTableViewCell.swift in Sources */ = {isa = PBXBuildFile; fileRef = 9310ADAE2395EE6D0087A07B /* AlbumTableViewCell.swift */; };
		9310ADB12395F2FF0087A07B /* AlbumsTableViewController.swift in Sources */ = {isa = PBXBuildFile; fileRef = 9310ADB02395F2FF0087A07B /* AlbumsTableViewController.swift */; };
		9310ADB32395F6B60087A07B /* mockData.swift in Sources */ = {isa = PBXBuildFile; fileRef = 9310ADB22395F6B60087A07B /* mockData.swift */; };
		9310ADB62395FF110087A07B /* UIImageView+Load.swift in Sources */ = {isa = PBXBuildFile; fileRef = 9310ADB52395FF110087A07B /* UIImageView+Load.swift */; };
		93845E952395AD4400B38645 /* AppDelegate.swift in Sources */ = {isa = PBXBuildFile; fileRef = 93845E942395AD4400B38645 /* AppDelegate.swift */; };
		93845E972395AD4400B38645 /* SceneDelegate.swift in Sources */ = {isa = PBXBuildFile; fileRef = 93845E962395AD4400B38645 /* SceneDelegate.swift */; };
		93845E992395AD4400B38645 /* ViewController.swift in Sources */ = {isa = PBXBuildFile; fileRef = 93845E982395AD4400B38645 /* ViewController.swift */; };
		93845E9C2395AD4400B38645 /* Main.storyboard in Resources */ = {isa = PBXBuildFile; fileRef = 93845E9A2395AD4400B38645 /* Main.storyboard */; };
		93845E9E2395AD4500B38645 /* Assets.xcassets in Resources */ = {isa = PBXBuildFile; fileRef = 93845E9D2395AD4500B38645 /* Assets.xcassets */; };
		93845EA12395AD4500B38645 /* LaunchScreen.storyboard in Resources */ = {isa = PBXBuildFile; fileRef = 93845E9F2395AD4500B38645 /* LaunchScreen.storyboard */; };
		93845EAC2395AD4500B38645 /* Nike_RSSTests.swift in Sources */ = {isa = PBXBuildFile; fileRef = 93845EAB2395AD4500B38645 /* Nike_RSSTests.swift */; };
		93845EB72395AD4500B38645 /* Nike_RSSUITests.swift in Sources */ = {isa = PBXBuildFile; fileRef = 93845EB62395AD4500B38645 /* Nike_RSSUITests.swift */; };
		93845EC82395B36C00B38645 /* RssFeed.swift in Sources */ = {isa = PBXBuildFile; fileRef = 93845EC72395B36C00B38645 /* RssFeed.swift */; };
		93845EC92395B36C00B38645 /* RssFeed.swift in Sources */ = {isa = PBXBuildFile; fileRef = 93845EC72395B36C00B38645 /* RssFeed.swift */; };
		93845ECC2395BE7800B38645 /* FeedDecoder.swift in Sources */ = {isa = PBXBuildFile; fileRef = 93845ECB2395BE7800B38645 /* FeedDecoder.swift */; };
		93845ECD2395BE7800B38645 /* FeedDecoder.swift in Sources */ = {isa = PBXBuildFile; fileRef = 93845ECB2395BE7800B38645 /* FeedDecoder.swift */; };
		93845ECF2395C08800B38645 /* RssJson.swift in Sources */ = {isa = PBXBuildFile; fileRef = 93845ECE2395C08800B38645 /* RssJson.swift */; };
		93845ED12395CE5F00B38645 /* FeedManager.swift in Sources */ = {isa = PBXBuildFile; fileRef = 93845ED02395CE5F00B38645 /* FeedManager.swift */; };
/* End PBXBuildFile section */

/* Begin PBXContainerItemProxy section */
		93845EA82395AD4500B38645 /* PBXContainerItemProxy */ = {
			isa = PBXContainerItemProxy;
			containerPortal = 93845E892395AD4400B38645 /* Project object */;
			proxyType = 1;
			remoteGlobalIDString = 93845E902395AD4400B38645;
			remoteInfo = "Nike RSS";
		};
		93845EB32395AD4500B38645 /* PBXContainerItemProxy */ = {
			isa = PBXContainerItemProxy;
			containerPortal = 93845E892395AD4400B38645 /* Project object */;
			proxyType = 1;
			remoteGlobalIDString = 93845E902395AD4400B38645;
			remoteInfo = "Nike RSS";
		};
/* End PBXContainerItemProxy section */

/* Begin PBXFileReference section */
		9310ADAE2395EE6D0087A07B /* AlbumTableViewCell.swift */ = {isa = PBXFileReference; lastKnownFileType = sourcecode.swift; path = AlbumTableViewCell.swift; sourceTree = "<group>"; };
		9310ADB02395F2FF0087A07B /* AlbumsTableViewController.swift */ = {isa = PBXFileReference; lastKnownFileType = sourcecode.swift; path = AlbumsTableViewController.swift; sourceTree = "<group>"; };
		9310ADB22395F6B60087A07B /* mockData.swift */ = {isa = PBXFileReference; lastKnownFileType = sourcecode.swift; path = mockData.swift; sourceTree = "<group>"; };
		9310ADB52395FF110087A07B /* UIImageView+Load.swift */ = {isa = PBXFileReference; lastKnownFileType = sourcecode.swift; path = "UIImageView+Load.swift"; sourceTree = "<group>"; };
		93845E912395AD4400B38645 /* Nike RSS.app */ = {isa = PBXFileReference; explicitFileType = wrapper.application; includeInIndex = 0; path = "Nike RSS.app"; sourceTree = BUILT_PRODUCTS_DIR; };
		93845E942395AD4400B38645 /* AppDelegate.swift */ = {isa = PBXFileReference; lastKnownFileType = sourcecode.swift; path = AppDelegate.swift; sourceTree = "<group>"; };
		93845E962395AD4400B38645 /* SceneDelegate.swift */ = {isa = PBXFileReference; lastKnownFileType = sourcecode.swift; path = SceneDelegate.swift; sourceTree = "<group>"; };
		93845E982395AD4400B38645 /* ViewController.swift */ = {isa = PBXFileReference; lastKnownFileType = sourcecode.swift; path = ViewController.swift; sourceTree = "<group>"; };
		93845E9B2395AD4400B38645 /* Base */ = {isa = PBXFileReference; lastKnownFileType = file.storyboard; name = Base; path = Base.lproj/Main.storyboard; sourceTree = "<group>"; };
		93845E9D2395AD4500B38645 /* Assets.xcassets */ = {isa = PBXFileReference; lastKnownFileType = folder.assetcatalog; path = Assets.xcassets; sourceTree = "<group>"; };
		93845EA02395AD4500B38645 /* Base */ = {isa = PBXFileReference; lastKnownFileType = file.storyboard; name = Base; path = Base.lproj/LaunchScreen.storyboard; sourceTree = "<group>"; };
		93845EA22395AD4500B38645 /* Info.plist */ = {isa = PBXFileReference; lastKnownFileType = text.plist.xml; path = Info.plist; sourceTree = "<group>"; };
		93845EA72395AD4500B38645 /* Nike RSSTests.xctest */ = {isa = PBXFileReference; explicitFileType = wrapper.cfbundle; includeInIndex = 0; path = "Nike RSSTests.xctest"; sourceTree = BUILT_PRODUCTS_DIR; };
		93845EAB2395AD4500B38645 /* Nike_RSSTests.swift */ = {isa = PBXFileReference; lastKnownFileType = sourcecode.swift; path = Nike_RSSTests.swift; sourceTree = "<group>"; };
		93845EAD2395AD4500B38645 /* Info.plist */ = {isa = PBXFileReference; lastKnownFileType = text.plist.xml; path = Info.plist; sourceTree = "<group>"; };
		93845EB22395AD4500B38645 /* Nike RSSUITests.xctest */ = {isa = PBXFileReference; explicitFileType = wrapper.cfbundle; includeInIndex = 0; path = "Nike RSSUITests.xctest"; sourceTree = BUILT_PRODUCTS_DIR; };
		93845EB62395AD4500B38645 /* Nike_RSSUITests.swift */ = {isa = PBXFileReference; lastKnownFileType = sourcecode.swift; path = Nike_RSSUITests.swift; sourceTree = "<group>"; };
		93845EB82395AD4500B38645 /* Info.plist */ = {isa = PBXFileReference; lastKnownFileType = text.plist.xml; path = Info.plist; sourceTree = "<group>"; };
		93845EC72395B36C00B38645 /* RssFeed.swift */ = {isa = PBXFileReference; lastKnownFileType = sourcecode.swift; path = RssFeed.swift; sourceTree = "<group>"; };
		93845ECB2395BE7800B38645 /* FeedDecoder.swift */ = {isa = PBXFileReference; lastKnownFileType = sourcecode.swift; path = FeedDecoder.swift; sourceTree = "<group>"; };
		93845ECE2395C08800B38645 /* RssJson.swift */ = {isa = PBXFileReference; lastKnownFileType = sourcecode.swift; path = RssJson.swift; sourceTree = "<group>"; };
		93845ED02395CE5F00B38645 /* FeedManager.swift */ = {isa = PBXFileReference; lastKnownFileType = sourcecode.swift; path = FeedManager.swift; sourceTree = "<group>"; };
/* End PBXFileReference section */

/* Begin PBXFrameworksBuildPhase section */
		93845E8E2395AD4400B38645 /* Frameworks */ = {
			isa = PBXFrameworksBuildPhase;
			buildActionMask = 2147483647;
			files = (
			);
			runOnlyForDeploymentPostprocessing = 0;
		};
		93845EA42395AD4500B38645 /* Frameworks */ = {
			isa = PBXFrameworksBuildPhase;
			buildActionMask = 2147483647;
			files = (
			);
			runOnlyForDeploymentPostprocessing = 0;
		};
		93845EAF2395AD4500B38645 /* Frameworks */ = {
			isa = PBXFrameworksBuildPhase;
			buildActionMask = 2147483647;
			files = (
			);
			runOnlyForDeploymentPostprocessing = 0;
		};
/* End PBXFrameworksBuildPhase section */

/* Begin PBXGroup section */
		9310ADB42395FEF60087A07B /* View */ = {
			isa = PBXGroup;
			children = (
				9310ADB52395FF110087A07B /* UIImageView+Load.swift */,
			);
			path = View;
			sourceTree = "<group>";
		};
		93845E882395AD4400B38645 = {
			isa = PBXGroup;
			children = (
				93845E932395AD4400B38645 /* Nike RSS */,
				93845EAA2395AD4500B38645 /* Nike RSSTests */,
				93845EB52395AD4500B38645 /* Nike RSSUITests */,
				93845E922395AD4400B38645 /* Products */,
			);
			sourceTree = "<group>";
		};
		93845E922395AD4400B38645 /* Products */ = {
			isa = PBXGroup;
			children = (
				93845E912395AD4400B38645 /* Nike RSS.app */,
				93845EA72395AD4500B38645 /* Nike RSSTests.xctest */,
				93845EB22395AD4500B38645 /* Nike RSSUITests.xctest */,
			);
			name = Products;
			sourceTree = "<group>";
		};
		93845E932395AD4400B38645 /* Nike RSS */ = {
			isa = PBXGroup;
			children = (
				9310ADB42395FEF60087A07B /* View */,
				93845ECA2395BE6600B38645 /* Controller */,
				93845EC42395AE0900B38645 /* Model */,
				93845E942395AD4400B38645 /* AppDelegate.swift */,
				93845E962395AD4400B38645 /* SceneDelegate.swift */,
				93845E982395AD4400B38645 /* ViewController.swift */,
				93845E9A2395AD4400B38645 /* Main.storyboard */,
				93845E9D2395AD4500B38645 /* Assets.xcassets */,
				93845E9F2395AD4500B38645 /* LaunchScreen.storyboard */,
				93845EA22395AD4500B38645 /* Info.plist */,
				9310ADAE2395EE6D0087A07B /* AlbumTableViewCell.swift */,
				9310ADB02395F2FF0087A07B /* AlbumsTableViewController.swift */,
				9310ADB22395F6B60087A07B /* mockData.swift */,
			);
			path = "Nike RSS";
			sourceTree = "<group>";
		};
		93845EAA2395AD4500B38645 /* Nike RSSTests */ = {
			isa = PBXGroup;
			children = (
				93845EAB2395AD4500B38645 /* Nike_RSSTests.swift */,
				93845EAD2395AD4500B38645 /* Info.plist */,
				93845ECE2395C08800B38645 /* RssJson.swift */,
			);
			path = "Nike RSSTests";
			sourceTree = "<group>";
		};
		93845EB52395AD4500B38645 /* Nike RSSUITests */ = {
			isa = PBXGroup;
			children = (
				93845EB62395AD4500B38645 /* Nike_RSSUITests.swift */,
				93845EB82395AD4500B38645 /* Info.plist */,
			);
			path = "Nike RSSUITests";
			sourceTree = "<group>";
		};
		93845EC42395AE0900B38645 /* Model */ = {
			isa = PBXGroup;
			children = (
				93845EC72395B36C00B38645 /* RssFeed.swift */,
			);
			path = Model;
			sourceTree = "<group>";
		};
		93845ECA2395BE6600B38645 /* Controller */ = {
			isa = PBXGroup;
			children = (
				93845ECB2395BE7800B38645 /* FeedDecoder.swift */,
				93845ED02395CE5F00B38645 /* FeedManager.swift */,
			);
			path = Controller;
			sourceTree = "<group>";
		};
/* End PBXGroup section */

/* Begin PBXNativeTarget section */
		93845E902395AD4400B38645 /* Nike RSS */ = {
			isa = PBXNativeTarget;
			buildConfigurationList = 93845EBB2395AD4500B38645 /* Build configuration list for PBXNativeTarget "Nike RSS" */;
			buildPhases = (
				93845E8D2395AD4400B38645 /* Sources */,
				93845E8E2395AD4400B38645 /* Frameworks */,
				93845E8F2395AD4400B38645 /* Resources */,
			);
			buildRules = (
			);
			dependencies = (
			);
			name = "Nike RSS";
			productName = "Nike RSS";
			productReference = 93845E912395AD4400B38645 /* Nike RSS.app */;
			productType = "com.apple.product-type.application";
		};
		93845EA62395AD4500B38645 /* Nike RSSTests */ = {
			isa = PBXNativeTarget;
			buildConfigurationList = 93845EBE2395AD4500B38645 /* Build configuration list for PBXNativeTarget "Nike RSSTests" */;
			buildPhases = (
				93845EA32395AD4500B38645 /* Sources */,
				93845EA42395AD4500B38645 /* Frameworks */,
				93845EA52395AD4500B38645 /* Resources */,
			);
			buildRules = (
			);
			dependencies = (
				93845EA92395AD4500B38645 /* PBXTargetDependency */,
			);
			name = "Nike RSSTests";
			productName = "Nike RSSTests";
			productReference = 93845EA72395AD4500B38645 /* Nike RSSTests.xctest */;
			productType = "com.apple.product-type.bundle.unit-test";
		};
		93845EB12395AD4500B38645 /* Nike RSSUITests */ = {
			isa = PBXNativeTarget;
			buildConfigurationList = 93845EC12395AD4500B38645 /* Build configuration list for PBXNativeTarget "Nike RSSUITests" */;
			buildPhases = (
				93845EAE2395AD4500B38645 /* Sources */,
				93845EAF2395AD4500B38645 /* Frameworks */,
				93845EB02395AD4500B38645 /* Resources */,
			);
			buildRules = (
			);
			dependencies = (
				93845EB42395AD4500B38645 /* PBXTargetDependency */,
			);
			name = "Nike RSSUITests";
			productName = "Nike RSSUITests";
			productReference = 93845EB22395AD4500B38645 /* Nike RSSUITests.xctest */;
			productType = "com.apple.product-type.bundle.ui-testing";
		};
/* End PBXNativeTarget section */

/* Begin PBXProject section */
		93845E892395AD4400B38645 /* Project object */ = {
			isa = PBXProject;
			attributes = {
				LastSwiftUpdateCheck = 1120;
				LastUpgradeCheck = 1120;
				ORGANIZATIONNAME = "Brodi Beartusk";
				TargetAttributes = {
					93845E902395AD4400B38645 = {
						CreatedOnToolsVersion = 11.2.1;
					};
					93845EA62395AD4500B38645 = {
						CreatedOnToolsVersion = 11.2.1;
						TestTargetID = 93845E902395AD4400B38645;
					};
					93845EB12395AD4500B38645 = {
						CreatedOnToolsVersion = 11.2.1;
						TestTargetID = 93845E902395AD4400B38645;
					};
				};
			};
			buildConfigurationList = 93845E8C2395AD4400B38645 /* Build configuration list for PBXProject "Nike RSS" */;
			compatibilityVersion = "Xcode 9.3";
			developmentRegion = en;
			hasScannedForEncodings = 0;
			knownRegions = (
				en,
				Base,
			);
			mainGroup = 93845E882395AD4400B38645;
			productRefGroup = 93845E922395AD4400B38645 /* Products */;
			projectDirPath = "";
			projectRoot = "";
			targets = (
				93845E902395AD4400B38645 /* Nike RSS */,
				93845EA62395AD4500B38645 /* Nike RSSTests */,
				93845EB12395AD4500B38645 /* Nike RSSUITests */,
			);
		};
/* End PBXProject section */

/* Begin PBXResourcesBuildPhase section */
		93845E8F2395AD4400B38645 /* Resources */ = {
			isa = PBXResourcesBuildPhase;
			buildActionMask = 2147483647;
			files = (
				93845EA12395AD4500B38645 /* LaunchScreen.storyboard in Resources */,
				93845E9E2395AD4500B38645 /* Assets.xcassets in Resources */,
				93845E9C2395AD4400B38645 /* Main.storyboard in Resources */,
			);
			runOnlyForDeploymentPostprocessing = 0;
		};
		93845EA52395AD4500B38645 /* Resources */ = {
			isa = PBXResourcesBuildPhase;
			buildActionMask = 2147483647;
			files = (
			);
			runOnlyForDeploymentPostprocessing = 0;
		};
		93845EB02395AD4500B38645 /* Resources */ = {
			isa = PBXResourcesBuildPhase;
			buildActionMask = 2147483647;
			files = (
			);
			runOnlyForDeploymentPostprocessing = 0;
		};
/* End PBXResourcesBuildPhase section */

/* Begin PBXSourcesBuildPhase section */
		93845E8D2395AD4400B38645 /* Sources */ = {
			isa = PBXSourcesBuildPhase;
			buildActionMask = 2147483647;
			files = (
				93845ECC2395BE7800B38645 /* FeedDecoder.swift in Sources */,
				93845EC82395B36C00B38645 /* RssFeed.swift in Sources */,
				9310ADB62395FF110087A07B /* UIImageView+Load.swift in Sources */,
				93845E992395AD4400B38645 /* ViewController.swift in Sources */,
				9310ADB32395F6B60087A07B /* mockData.swift in Sources */,
				93845ED12395CE5F00B38645 /* FeedManager.swift in Sources */,
				9310ADAF2395EE6D0087A07B /* AlbumTableViewCell.swift in Sources */,
				9310ADB12395F2FF0087A07B /* AlbumsTableViewController.swift in Sources */,
				93845E952395AD4400B38645 /* AppDelegate.swift in Sources */,
				93845E972395AD4400B38645 /* SceneDelegate.swift in Sources */,
			);
			runOnlyForDeploymentPostprocessing = 0;
		};
		93845EA32395AD4500B38645 /* Sources */ = {
			isa = PBXSourcesBuildPhase;
			buildActionMask = 2147483647;
			files = (
				93845EC92395B36C00B38645 /* RssFeed.swift in Sources */,
				93845EAC2395AD4500B38645 /* Nike_RSSTests.swift in Sources */,
				93845ECF2395C08800B38645 /* RssJson.swift in Sources */,
				93845ECD2395BE7800B38645 /* FeedDecoder.swift in Sources */,
			);
			runOnlyForDeploymentPostprocessing = 0;
		};
		93845EAE2395AD4500B38645 /* Sources */ = {
			isa = PBXSourcesBuildPhase;
			buildActionMask = 2147483647;
			files = (
				93845EB72395AD4500B38645 /* Nike_RSSUITests.swift in Sources */,
			);
			runOnlyForDeploymentPostprocessing = 0;
		};
/* End PBXSourcesBuildPhase section */

/* Begin PBXTargetDependency section */
		93845EA92395AD4500B38645 /* PBXTargetDependency */ = {
			isa = PBXTargetDependency;
			target = 93845E902395AD4400B38645 /* Nike RSS */;
			targetProxy = 93845EA82395AD4500B38645 /* PBXContainerItemProxy */;
		};
		93845EB42395AD4500B38645 /* PBXTargetDependency */ = {
			isa = PBXTargetDependency;
			target = 93845E902395AD4400B38645 /* Nike RSS */;
			targetProxy = 93845EB32395AD4500B38645 /* PBXContainerItemProxy */;
		};
/* End PBXTargetDependency section */

/* Begin PBXVariantGroup section */
		93845E9A2395AD4400B38645 /* Main.storyboard */ = {
			isa = PBXVariantGroup;
			children = (
				93845E9B2395AD4400B38645 /* Base */,
			);
			name = Main.storyboard;
			sourceTree = "<group>";
		};
		93845E9F2395AD4500B38645 /* LaunchScreen.storyboard */ = {
			isa = PBXVariantGroup;
			children = (
				93845EA02395AD4500B38645 /* Base */,
			);
			name = LaunchScreen.storyboard;
			sourceTree = "<group>";
		};
/* End PBXVariantGroup section */

/* Begin XCBuildConfiguration section */
		93845EB92395AD4500B38645 /* Debug */ = {
			isa = XCBuildConfiguration;
			buildSettings = {
				ALWAYS_SEARCH_USER_PATHS = NO;
				CLANG_ANALYZER_NONNULL = YES;
				CLANG_ANALYZER_NUMBER_OBJECT_CONVERSION = YES_AGGRESSIVE;
				CLANG_CXX_LANGUAGE_STANDARD = "gnu++14";
				CLANG_CXX_LIBRARY = "libc++";
				CLANG_ENABLE_MODULES = YES;
				CLANG_ENABLE_OBJC_ARC = YES;
				CLANG_ENABLE_OBJC_WEAK = YES;
				CLANG_WARN_BLOCK_CAPTURE_AUTORELEASING = YES;
				CLANG_WARN_BOOL_CONVERSION = YES;
				CLANG_WARN_COMMA = YES;
				CLANG_WARN_CONSTANT_CONVERSION = YES;
				CLANG_WARN_DEPRECATED_OBJC_IMPLEMENTATIONS = YES;
				CLANG_WARN_DIRECT_OBJC_ISA_USAGE = YES_ERROR;
				CLANG_WARN_DOCUMENTATION_COMMENTS = YES;
				CLANG_WARN_EMPTY_BODY = YES;
				CLANG_WARN_ENUM_CONVERSION = YES;
				CLANG_WARN_INFINITE_RECURSION = YES;
				CLANG_WARN_INT_CONVERSION = YES;
				CLANG_WARN_NON_LITERAL_NULL_CONVERSION = YES;
				CLANG_WARN_OBJC_IMPLICIT_RETAIN_SELF = YES;
				CLANG_WARN_OBJC_LITERAL_CONVERSION = YES;
				CLANG_WARN_OBJC_ROOT_CLASS = YES_ERROR;
				CLANG_WARN_RANGE_LOOP_ANALYSIS = YES;
				CLANG_WARN_STRICT_PROTOTYPES = YES;
				CLANG_WARN_SUSPICIOUS_MOVE = YES;
				CLANG_WARN_UNGUARDED_AVAILABILITY = YES_AGGRESSIVE;
				CLANG_WARN_UNREACHABLE_CODE = YES;
				CLANG_WARN__DUPLICATE_METHOD_MATCH = YES;
				COPY_PHASE_STRIP = NO;
				DEBUG_INFORMATION_FORMAT = dwarf;
				ENABLE_STRICT_OBJC_MSGSEND = YES;
				ENABLE_TESTABILITY = YES;
				GCC_C_LANGUAGE_STANDARD = gnu11;
				GCC_DYNAMIC_NO_PIC = NO;
				GCC_NO_COMMON_BLOCKS = YES;
				GCC_OPTIMIZATION_LEVEL = 0;
				GCC_PREPROCESSOR_DEFINITIONS = (
					"DEBUG=1",
					"$(inherited)",
				);
				GCC_WARN_64_TO_32_BIT_CONVERSION = YES;
				GCC_WARN_ABOUT_RETURN_TYPE = YES_ERROR;
				GCC_WARN_UNDECLARED_SELECTOR = YES;
				GCC_WARN_UNINITIALIZED_AUTOS = YES_AGGRESSIVE;
				GCC_WARN_UNUSED_FUNCTION = YES;
				GCC_WARN_UNUSED_VARIABLE = YES;
				IPHONEOS_DEPLOYMENT_TARGET = 13.2;
				MTL_ENABLE_DEBUG_INFO = INCLUDE_SOURCE;
				MTL_FAST_MATH = YES;
				ONLY_ACTIVE_ARCH = YES;
				SDKROOT = iphoneos;
				SWIFT_ACTIVE_COMPILATION_CONDITIONS = DEBUG;
				SWIFT_OPTIMIZATION_LEVEL = "-Onone";
			};
			name = Debug;
		};
		93845EBA2395AD4500B38645 /* Release */ = {
			isa = XCBuildConfiguration;
			buildSettings = {
				ALWAYS_SEARCH_USER_PATHS = NO;
				CLANG_ANALYZER_NONNULL = YES;
				CLANG_ANALYZER_NUMBER_OBJECT_CONVERSION = YES_AGGRESSIVE;
				CLANG_CXX_LANGUAGE_STANDARD = "gnu++14";
				CLANG_CXX_LIBRARY = "libc++";
				CLANG_ENABLE_MODULES = YES;
				CLANG_ENABLE_OBJC_ARC = YES;
				CLANG_ENABLE_OBJC_WEAK = YES;
				CLANG_WARN_BLOCK_CAPTURE_AUTORELEASING = YES;
				CLANG_WARN_BOOL_CONVERSION = YES;
				CLANG_WARN_COMMA = YES;
				CLANG_WARN_CONSTANT_CONVERSION = YES;
				CLANG_WARN_DEPRECATED_OBJC_IMPLEMENTATIONS = YES;
				CLANG_WARN_DIRECT_OBJC_ISA_USAGE = YES_ERROR;
				CLANG_WARN_DOCUMENTATION_COMMENTS = YES;
				CLANG_WARN_EMPTY_BODY = YES;
				CLANG_WARN_ENUM_CONVERSION = YES;
				CLANG_WARN_INFINITE_RECURSION = YES;
				CLANG_WARN_INT_CONVERSION = YES;
				CLANG_WARN_NON_LITERAL_NULL_CONVERSION = YES;
				CLANG_WARN_OBJC_IMPLICIT_RETAIN_SELF = YES;
				CLANG_WARN_OBJC_LITERAL_CONVERSION = YES;
				CLANG_WARN_OBJC_ROOT_CLASS = YES_ERROR;
				CLANG_WARN_RANGE_LOOP_ANALYSIS = YES;
				CLANG_WARN_STRICT_PROTOTYPES = YES;
				CLANG_WARN_SUSPICIOUS_MOVE = YES;
				CLANG_WARN_UNGUARDED_AVAILABILITY = YES_AGGRESSIVE;
				CLANG_WARN_UNREACHABLE_CODE = YES;
				CLANG_WARN__DUPLICATE_METHOD_MATCH = YES;
				COPY_PHASE_STRIP = NO;
				DEBUG_INFORMATION_FORMAT = "dwarf-with-dsym";
				ENABLE_NS_ASSERTIONS = NO;
				ENABLE_STRICT_OBJC_MSGSEND = YES;
				GCC_C_LANGUAGE_STANDARD = gnu11;
				GCC_NO_COMMON_BLOCKS = YES;
				GCC_WARN_64_TO_32_BIT_CONVERSION = YES;
				GCC_WARN_ABOUT_RETURN_TYPE = YES_ERROR;
				GCC_WARN_UNDECLARED_SELECTOR = YES;
				GCC_WARN_UNINITIALIZED_AUTOS = YES_AGGRESSIVE;
				GCC_WARN_UNUSED_FUNCTION = YES;
				GCC_WARN_UNUSED_VARIABLE = YES;
				IPHONEOS_DEPLOYMENT_TARGET = 13.2;
				MTL_ENABLE_DEBUG_INFO = NO;
				MTL_FAST_MATH = YES;
				SDKROOT = iphoneos;
				SWIFT_COMPILATION_MODE = wholemodule;
				SWIFT_OPTIMIZATION_LEVEL = "-O";
				VALIDATE_PRODUCT = YES;
			};
			name = Release;
		};
		93845EBC2395AD4500B38645 /* Debug */ = {
			isa = XCBuildConfiguration;
			buildSettings = {
				ASSETCATALOG_COMPILER_APPICON_NAME = AppIcon;
				CODE_SIGN_STYLE = Automatic;
				DEVELOPMENT_TEAM = 5377KCXRQ3;
				INFOPLIST_FILE = "Nike RSS/Info.plist";
				LD_RUNPATH_SEARCH_PATHS = (
					"$(inherited)",
					"@executable_path/Frameworks",
				);
				PRODUCT_BUNDLE_IDENTIFIER = "com.beartusk.nikerss.Nike-RSS";
				PRODUCT_NAME = "$(TARGET_NAME)";
				SWIFT_VERSION = 5.0;
				TARGETED_DEVICE_FAMILY = "1,2";
			};
			name = Debug;
		};
		93845EBD2395AD4500B38645 /* Release */ = {
			isa = XCBuildConfiguration;
			buildSettings = {
				ASSETCATALOG_COMPILER_APPICON_NAME = AppIcon;
				CODE_SIGN_STYLE = Automatic;
				DEVELOPMENT_TEAM = 5377KCXRQ3;
				INFOPLIST_FILE = "Nike RSS/Info.plist";
				LD_RUNPATH_SEARCH_PATHS = (
					"$(inherited)",
					"@executable_path/Frameworks",
				);
				PRODUCT_BUNDLE_IDENTIFIER = "com.beartusk.nikerss.Nike-RSS";
				PRODUCT_NAME = "$(TARGET_NAME)";
				SWIFT_VERSION = 5.0;
				TARGETED_DEVICE_FAMILY = "1,2";
			};
			name = Release;
		};
		93845EBF2395AD4500B38645 /* Debug */ = {
			isa = XCBuildConfiguration;
			buildSettings = {
				ALWAYS_EMBED_SWIFT_STANDARD_LIBRARIES = YES;
				BUNDLE_LOADER = "$(TEST_HOST)";
				CODE_SIGN_STYLE = Automatic;
				DEVELOPMENT_TEAM = 5377KCXRQ3;
				INFOPLIST_FILE = "Nike RSSTests/Info.plist";
				IPHONEOS_DEPLOYMENT_TARGET = 13.2;
				LD_RUNPATH_SEARCH_PATHS = (
					"$(inherited)",
					"@executable_path/Frameworks",
					"@loader_path/Frameworks",
				);
				PRODUCT_BUNDLE_IDENTIFIER = "com.beartusk.nikerss.Nike-RSSTests";
				PRODUCT_NAME = "$(TARGET_NAME)";
				SWIFT_VERSION = 5.0;
				TARGETED_DEVICE_FAMILY = "1,2";
				TEST_HOST = "$(BUILT_PRODUCTS_DIR)/Nike RSS.app/Nike RSS";
			};
			name = Debug;
		};
		93845EC02395AD4500B38645 /* Release */ = {
			isa = XCBuildConfiguration;
			buildSettings = {
				ALWAYS_EMBED_SWIFT_STANDARD_LIBRARIES = YES;
				BUNDLE_LOADER = "$(TEST_HOST)";
				CODE_SIGN_STYLE = Automatic;
				DEVELOPMENT_TEAM = 5377KCXRQ3;
				INFOPLIST_FILE = "Nike RSSTests/Info.plist";
				IPHONEOS_DEPLOYMENT_TARGET = 13.2;
				LD_RUNPATH_SEARCH_PATHS = (
					"$(inherited)",
					"@executable_path/Frameworks",
					"@loader_path/Frameworks",
				);
				PRODUCT_BUNDLE_IDENTIFIER = "com.beartusk.nikerss.Nike-RSSTests";
				PRODUCT_NAME = "$(TARGET_NAME)";
				SWIFT_VERSION = 5.0;
				TARGETED_DEVICE_FAMILY = "1,2";
				TEST_HOST = "$(BUILT_PRODUCTS_DIR)/Nike RSS.app/Nike RSS";
			};
			name = Release;
		};
		93845EC22395AD4500B38645 /* Debug */ = {
			isa = XCBuildConfiguration;
			buildSettings = {
				ALWAYS_EMBED_SWIFT_STANDARD_LIBRARIES = YES;
				CODE_SIGN_STYLE = Automatic;
				DEVELOPMENT_TEAM = 5377KCXRQ3;
				INFOPLIST_FILE = "Nike RSSUITests/Info.plist";
				LD_RUNPATH_SEARCH_PATHS = (
					"$(inherited)",
					"@executable_path/Frameworks",
					"@loader_path/Frameworks",
				);
				PRODUCT_BUNDLE_IDENTIFIER = "com.beartusk.nikerss.Nike-RSSUITests";
				PRODUCT_NAME = "$(TARGET_NAME)";
				SWIFT_VERSION = 5.0;
				TARGETED_DEVICE_FAMILY = "1,2";
				TEST_TARGET_NAME = "Nike RSS";
			};
			name = Debug;
		};
		93845EC32395AD4500B38645 /* Release */ = {
			isa = XCBuildConfiguration;
			buildSettings = {
				ALWAYS_EMBED_SWIFT_STANDARD_LIBRARIES = YES;
				CODE_SIGN_STYLE = Automatic;
				DEVELOPMENT_TEAM = 5377KCXRQ3;
				INFOPLIST_FILE = "Nike RSSUITests/Info.plist";
				LD_RUNPATH_SEARCH_PATHS = (
					"$(inherited)",
					"@executable_path/Frameworks",
					"@loader_path/Frameworks",
				);
				PRODUCT_BUNDLE_IDENTIFIER = "com.beartusk.nikerss.Nike-RSSUITests";
				PRODUCT_NAME = "$(TARGET_NAME)";
				SWIFT_VERSION = 5.0;
				TARGETED_DEVICE_FAMILY = "1,2";
				TEST_TARGET_NAME = "Nike RSS";
			};
			name = Release;
		};
/* End XCBuildConfiguration section */

/* Begin XCConfigurationList section */
		93845E8C2395AD4400B38645 /* Build configuration list for PBXProject "Nike RSS" */ = {
			isa = XCConfigurationList;
			buildConfigurations = (
				93845EB92395AD4500B38645 /* Debug */,
				93845EBA2395AD4500B38645 /* Release */,
			);
			defaultConfigurationIsVisible = 0;
			defaultConfigurationName = Release;
		};
		93845EBB2395AD4500B38645 /* Build configuration list for PBXNativeTarget "Nike RSS" */ = {
			isa = XCConfigurationList;
			buildConfigurations = (
				93845EBC2395AD4500B38645 /* Debug */,
				93845EBD2395AD4500B38645 /* Release */,
			);
			defaultConfigurationIsVisible = 0;
			defaultConfigurationName = Release;
		};
		93845EBE2395AD4500B38645 /* Build configuration list for PBXNativeTarget "Nike RSSTests" */ = {
			isa = XCConfigurationList;
			buildConfigurations = (
				93845EBF2395AD4500B38645 /* Debug */,
				93845EC02395AD4500B38645 /* Release */,
			);
			defaultConfigurationIsVisible = 0;
			defaultConfigurationName = Release;
		};
		93845EC12395AD4500B38645 /* Build configuration list for PBXNativeTarget "Nike RSSUITests" */ = {
			isa = XCConfigurationList;
			buildConfigurations = (
				93845EC22395AD4500B38645 /* Debug */,
				93845EC32395AD4500B38645 /* Release */,
			);
			defaultConfigurationIsVisible = 0;
			defaultConfigurationName = Release;
		};
/* End XCConfigurationList section */
	};
	rootObject = 93845E892395AD4400B38645 /* Project object */;
}
